
Microsoft Visual Studio Solution File, Format Version 12.00
# Visual Studio Version 16
VisualStudioVersion = 16.0.30503.244
MinimumVisualStudioVersion = 10.0.40219.1
Project("{FAE04EC0-301F-11D3-BF4B-00C04F79EFBC}") = "Sea Battle", "Sea Battle\Sea Battle.csproj", "{ED91E550-317A-4182-AC4A-6ECA02CA6DF6}"
EndProject
Global
	GlobalSection(SolutionConfigurationPlatforms) = preSolution
		Debug|Any CPU = Debug|Any CPU
		Release|Any CPU = Release|Any CPU
	EndGlobalSection
	GlobalSection(ProjectConfigurationPlatforms) = postSolution
		{ED91E550-317A-4182-AC4A-6ECA02CA6DF6}.Debug|Any CPU.ActiveCfg = Debug|Any CPU
		{ED91E550-317A-4182-AC4A-6ECA02CA6DF6}.Debug|Any CPU.Build.0 = Debug|Any CPU
		{ED91E550-317A-4182-AC4A-6ECA02CA6DF6}.Release|Any CPU.ActiveCfg = Release|Any CPU
		{ED91E550-317A-4182-AC4A-6ECA02CA6DF6}.Release|Any CPU.Build.0 = Release|Any CPU
	EndGlobalSection
	GlobalSection(SolutionProperties) = preSolution
		HideSolutionNode = FALSE
	EndGlobalSection
	GlobalSection(ExtensibilityGlobals) = postSolution
		SolutionGuid = {3501774D-5109-422E-A866-EB28053E10A0}
	EndGlobalSection
EndGlobal
